// !$*UTF8*$!
{
	archiveVersion = 1;
	classes = {
	};
	objectVersion = 50;
	objects = {

/* Begin PBXBuildFile section */
		CC38D5B79EADB7B319F7ECC5 /* libPods-RWPickFlavor.a in Frameworks */ = {isa = PBXBuildFile; fileRef = A484504740799F9B0651894D /* libPods-RWPickFlavor.a */; };
		FE22573E25DA0E3A00D2E7C4 /* RWPickFlavor.h in Headers */ = {isa = PBXBuildFile; fileRef = FE22573C25DA0E3A00D2E7C4 /* RWPickFlavor.h */; settings = {ATTRIBUTES = (Public, ); }; };
		FE22574E25DA0F7700D2E7C4 /* PickFlavorViewController.swift in Sources */ = {isa = PBXBuildFile; fileRef = FE22574A25DA0F7700D2E7C4 /* PickFlavorViewController.swift */; };
		FE22574F25DA0F7700D2E7C4 /* PickFlavorDataSource.swift in Sources */ = {isa = PBXBuildFile; fileRef = FE22574B25DA0F7700D2E7C4 /* PickFlavorDataSource.swift */; };
		FE22575025DA0F7700D2E7C4 /* RGBAColorFromString.swift in Sources */ = {isa = PBXBuildFile; fileRef = FE22574D25DA0F7700D2E7C4 /* RGBAColorFromString.swift */; };
		FE22575625DA0F8500D2E7C4 /* Flavor.swift in Sources */ = {isa = PBXBuildFile; fileRef = FE22575325DA0F8500D2E7C4 /* Flavor.swift */; };
		FE22575725DA0F8500D2E7C4 /* Images.xcassets in Resources */ = {isa = PBXBuildFile; fileRef = FE22575525DA0F8500D2E7C4 /* Images.xcassets */; };
		FE22575F25DA0F8E00D2E7C4 /* ScoopCell.swift in Sources */ = {isa = PBXBuildFile; fileRef = FE22575A25DA0F8E00D2E7C4 /* ScoopCell.swift */; };
		FE22576025DA0F8E00D2E7C4 /* ScoopView.swift in Sources */ = {isa = PBXBuildFile; fileRef = FE22575B25DA0F8E00D2E7C4 /* ScoopView.swift */; };
		FE22576125DA0F8E00D2E7C4 /* Main.storyboard in Resources */ = {isa = PBXBuildFile; fileRef = FE22575C25DA0F8E00D2E7C4 /* Main.storyboard */; };
		FE22576225DA0F8E00D2E7C4 /* IceCreamView.swift in Sources */ = {isa = PBXBuildFile; fileRef = FE22575E25DA0F8E00D2E7C4 /* IceCreamView.swift */; };
/* End PBXBuildFile section */

/* Begin PBXFileReference section */
		16848B84C1F8BA9C3FD284CD /* Pods-RWPickFlavor.release.xcconfig */ = {isa = PBXFileReference; includeInIndex = 1; lastKnownFileType = text.xcconfig; name = "Pods-RWPickFlavor.release.xcconfig"; path = "Target Support Files/Pods-RWPickFlavor/Pods-RWPickFlavor.release.xcconfig"; sourceTree = "<group>"; };
		771BCEF2D823C7A00ACF4258 /* Pods-RWPickFlavor.debug.xcconfig */ = {isa = PBXFileReference; includeInIndex = 1; lastKnownFileType = text.xcconfig; name = "Pods-RWPickFlavor.debug.xcconfig"; path = "Target Support Files/Pods-RWPickFlavor/Pods-RWPickFlavor.debug.xcconfig"; sourceTree = "<group>"; };
		A484504740799F9B0651894D /* libPods-RWPickFlavor.a */ = {isa = PBXFileReference; explicitFileType = archive.ar; includeInIndex = 0; path = "libPods-RWPickFlavor.a"; sourceTree = BUILT_PRODUCTS_DIR; };
		FE22573925DA0E3A00D2E7C4 /* RWPickFlavor.framework */ = {isa = PBXFileReference; explicitFileType = wrapper.framework; includeInIndex = 0; path = RWPickFlavor.framework; sourceTree = BUILT_PRODUCTS_DIR; };
		FE22573C25DA0E3A00D2E7C4 /* RWPickFlavor.h */ = {isa = PBXFileReference; lastKnownFileType = sourcecode.c.h; path = RWPickFlavor.h; sourceTree = "<group>"; };
		FE22573D25DA0E3A00D2E7C4 /* Info.plist */ = {isa = PBXFileReference; lastKnownFileType = text.plist.xml; path = Info.plist; sourceTree = "<group>"; };
		FE22574A25DA0F7700D2E7C4 /* PickFlavorViewController.swift */ = {isa = PBXFileReference; fileEncoding = 4; lastKnownFileType = sourcecode.swift; path = PickFlavorViewController.swift; sourceTree = "<group>"; };
		FE22574B25DA0F7700D2E7C4 /* PickFlavorDataSource.swift */ = {isa = PBXFileReference; fileEncoding = 4; lastKnownFileType = sourcecode.swift; path = PickFlavorDataSource.swift; sourceTree = "<group>"; };
		FE22574D25DA0F7700D2E7C4 /* RGBAColorFromString.swift */ = {isa = PBXFileReference; fileEncoding = 4; lastKnownFileType = sourcecode.swift; path = RGBAColorFromString.swift; sourceTree = "<group>"; };
		FE22575325DA0F8500D2E7C4 /* Flavor.swift */ = {isa = PBXFileReference; fileEncoding = 4; lastKnownFileType = sourcecode.swift; path = Flavor.swift; sourceTree = "<group>"; };
		FE22575525DA0F8500D2E7C4 /* Images.xcassets */ = {isa = PBXFileReference; lastKnownFileType = folder.assetcatalog; path = Images.xcassets; sourceTree = "<group>"; };
		FE22575A25DA0F8E00D2E7C4 /* ScoopCell.swift */ = {isa = PBXFileReference; fileEncoding = 4; lastKnownFileType = sourcecode.swift; path = ScoopCell.swift; sourceTree = "<group>"; };
		FE22575B25DA0F8E00D2E7C4 /* ScoopView.swift */ = {isa = PBXFileReference; fileEncoding = 4; lastKnownFileType = sourcecode.swift; path = ScoopView.swift; sourceTree = "<group>"; };
		FE22575D25DA0F8E00D2E7C4 /* Base */ = {isa = PBXFileReference; lastKnownFileType = file.storyboard; name = Base; path = Base.lproj/Main.storyboard; sourceTree = "<group>"; };
		FE22575E25DA0F8E00D2E7C4 /* IceCreamView.swift */ = {isa = PBXFileReference; fileEncoding = 4; lastKnownFileType = sourcecode.swift; path = IceCreamView.swift; sourceTree = "<group>"; };
/* End PBXFileReference section */

/* Begin PBXFrameworksBuildPhase section */
		FE22573625DA0E3A00D2E7C4 /* Frameworks */ = {
			isa = PBXFrameworksBuildPhase;
			buildActionMask = 2147483647;
			files = (
				CC38D5B79EADB7B319F7ECC5 /* libPods-RWPickFlavor.a in Frameworks */,
			);
			runOnlyForDeploymentPostprocessing = 0;
		};
/* End PBXFrameworksBuildPhase section */

/* Begin PBXGroup section */
		20F4A817BF1A820DC9FA75C6 /* Frameworks */ = {
			isa = PBXGroup;
			children = (
				A484504740799F9B0651894D /* libPods-RWPickFlavor.a */,
			);
			name = Frameworks;
			sourceTree = "<group>";
		};
		8051C94B86EC11AFDECF876B /* Pods */ = {
			isa = PBXGroup;
			children = (
				771BCEF2D823C7A00ACF4258 /* Pods-RWPickFlavor.debug.xcconfig */,
				16848B84C1F8BA9C3FD284CD /* Pods-RWPickFlavor.release.xcconfig */,
			);
			path = Pods;
			sourceTree = "<group>";
		};
		FE22572F25DA0E3A00D2E7C4 = {
			isa = PBXGroup;
			children = (
				FE22575925DA0F8E00D2E7C4 /* Views */,
				FE22575225DA0F8500D2E7C4 /* Models */,
				FE22575425DA0F8500D2E7C4 /* Resources */,
				FE22574C25DA0F7700D2E7C4 /* Categories */,
				FE22574925DA0F7700D2E7C4 /* Controllers */,
				FE22573B25DA0E3A00D2E7C4 /* RWPickFlavor */,
				FE22573A25DA0E3A00D2E7C4 /* Products */,
				8051C94B86EC11AFDECF876B /* Pods */,
				20F4A817BF1A820DC9FA75C6 /* Frameworks */,
			);
			sourceTree = "<group>";
		};
		FE22573A25DA0E3A00D2E7C4 /* Products */ = {
			isa = PBXGroup;
			children = (
				FE22573925DA0E3A00D2E7C4 /* RWPickFlavor.framework */,
			);
			name = Products;
			sourceTree = "<group>";
		};
		FE22573B25DA0E3A00D2E7C4 /* RWPickFlavor */ = {
			isa = PBXGroup;
			children = (
				FE22573C25DA0E3A00D2E7C4 /* RWPickFlavor.h */,
				FE22573D25DA0E3A00D2E7C4 /* Info.plist */,
			);
			path = RWPickFlavor;
			sourceTree = "<group>";
		};
		FE22574925DA0F7700D2E7C4 /* Controllers */ = {
			isa = PBXGroup;
			children = (
				FE22574A25DA0F7700D2E7C4 /* PickFlavorViewController.swift */,
				FE22574B25DA0F7700D2E7C4 /* PickFlavorDataSource.swift */,
			);
			name = Controllers;
			path = RWPickFlavor/Controllers;
			sourceTree = "<group>";
		};
		FE22574C25DA0F7700D2E7C4 /* Categories */ = {
			isa = PBXGroup;
			children = (
				FE22574D25DA0F7700D2E7C4 /* RGBAColorFromString.swift */,
			);
			name = Categories;
			path = RWPickFlavor/Categories;
			sourceTree = "<group>";
		};
		FE22575225DA0F8500D2E7C4 /* Models */ = {
			isa = PBXGroup;
			children = (
				FE22575325DA0F8500D2E7C4 /* Flavor.swift */,
			);
			name = Models;
			path = RWPickFlavor/Models;
			sourceTree = "<group>";
		};
		FE22575425DA0F8500D2E7C4 /* Resources */ = {
			isa = PBXGroup;
			children = (
				FE22575525DA0F8500D2E7C4 /* Images.xcassets */,
			);
			name = Resources;
			path = RWPickFlavor/Resources;
			sourceTree = "<group>";
		};
		FE22575925DA0F8E00D2E7C4 /* Views */ = {
			isa = PBXGroup;
			children = (
				FE22575A25DA0F8E00D2E7C4 /* ScoopCell.swift */,
				FE22575B25DA0F8E00D2E7C4 /* ScoopView.swift */,
				FE22575C25DA0F8E00D2E7C4 /* Main.storyboard */,
				FE22575E25DA0F8E00D2E7C4 /* IceCreamView.swift */,
			);
			name = Views;
			path = RWPickFlavor/Views;
			sourceTree = "<group>";
		};
/* End PBXGroup section */

/* Begin PBXHeadersBuildPhase section */
		FE22573425DA0E3A00D2E7C4 /* Headers */ = {
			isa = PBXHeadersBuildPhase;
			buildActionMask = 2147483647;
			files = (
				FE22573E25DA0E3A00D2E7C4 /* RWPickFlavor.h in Headers */,
			);
			runOnlyForDeploymentPostprocessing = 0;
		};
/* End PBXHeadersBuildPhase section */

/* Begin PBXNativeTarget section */
		FE22573825DA0E3A00D2E7C4 /* RWPickFlavor */ = {
			isa = PBXNativeTarget;
			buildConfigurationList = FE22574125DA0E3A00D2E7C4 /* Build configuration list for PBXNativeTarget "RWPickFlavor" */;
			buildPhases = (
				83DDC1714CD3D63F0F542470 /* [CP] Check Pods Manifest.lock */,
				FE22573425DA0E3A00D2E7C4 /* Headers */,
				FE22573525DA0E3A00D2E7C4 /* Sources */,
				FE22573625DA0E3A00D2E7C4 /* Frameworks */,
				FE22573725DA0E3A00D2E7C4 /* Resources */,
			);
			buildRules = (
			);
			dependencies = (
			);
			name = RWPickFlavor;
			productName = RWPickFlavor;
			productReference = FE22573925DA0E3A00D2E7C4 /* RWPickFlavor.framework */;
			productType = "com.apple.product-type.framework";
		};
/* End PBXNativeTarget section */

/* Begin PBXProject section */
		FE22573025DA0E3A00D2E7C4 /* Project object */ = {
			isa = PBXProject;
			attributes = {
				LastUpgradeCheck = 1220;
				TargetAttributes = {
					FE22573825DA0E3A00D2E7C4 = {
						CreatedOnToolsVersion = 12.2;
					};
				};
			};
			buildConfigurationList = FE22573325DA0E3A00D2E7C4 /* Build configuration list for PBXProject "RWPickFlavor" */;
			compatibilityVersion = "Xcode 9.3";
			developmentRegion = en;
			hasScannedForEncodings = 0;
			knownRegions = (
				en,
				Base,
			);
			mainGroup = FE22572F25DA0E3A00D2E7C4;
			productRefGroup = FE22573A25DA0E3A00D2E7C4 /* Products */;
			projectDirPath = "";
			projectRoot = "";
			targets = (
				FE22573825DA0E3A00D2E7C4 /* RWPickFlavor */,
			);
		};
/* End PBXProject section */

/* Begin PBXResourcesBuildPhase section */
		FE22573725DA0E3A00D2E7C4 /* Resources */ = {
			isa = PBXResourcesBuildPhase;
			buildActionMask = 2147483647;
			files = (
				FE22575725DA0F8500D2E7C4 /* Images.xcassets in Resources */,
				FE22576125DA0F8E00D2E7C4 /* Main.storyboard in Resources */,
			);
			runOnlyForDeploymentPostprocessing = 0;
		};
/* End PBXResourcesBuildPhase section */

/* Begin PBXShellScriptBuildPhase section */
		83DDC1714CD3D63F0F542470 /* [CP] Check Pods Manifest.lock */ = {
			isa = PBXShellScriptBuildPhase;
			buildActionMask = 2147483647;
			files = (
			);
			inputFileListPaths = (
			);
			inputPaths = (
				"${PODS_PODFILE_DIR_PATH}/Podfile.lock",
				"${PODS_ROOT}/Manifest.lock",
			);
			name = "[CP] Check Pods Manifest.lock";
			outputFileListPaths = (
			);
			outputPaths = (
				"$(DERIVED_FILE_DIR)/Pods-RWPickFlavor-checkManifestLockResult.txt",
			);
			runOnlyForDeploymentPostprocessing = 0;
			shellPath = /bin/sh;
			shellScript = "diff \"${PODS_PODFILE_DIR_PATH}/Podfile.lock\" \"${PODS_ROOT}/Manifest.lock\" > /dev/null\nif [ $? != 0 ] ; then\n    # print error to STDERR\n    echo \"error: The sandbox is not in sync with the Podfile.lock. Run 'pod install' or update your CocoaPods installation.\" >&2\n    exit 1\nfi\n# This output is used by Xcode 'outputs' to avoid re-running this script phase.\necho \"SUCCESS\" > \"${SCRIPT_OUTPUT_FILE_0}\"\n";
			showEnvVarsInLog = 0;
		};
/* End PBXShellScriptBuildPhase section */

/* Begin PBXSourcesBuildPhase section */
		FE22573525DA0E3A00D2E7C4 /* Sources */ = {
			isa = PBXSourcesBuildPhase;
			buildActionMask = 2147483647;
			files = (
				FE22574E25DA0F7700D2E7C4 /* PickFlavorViewController.swift in Sources */,
				FE22575625DA0F8500D2E7C4 /* Flavor.swift in Sources */,
				FE22574F25DA0F7700D2E7C4 /* PickFlavorDataSource.swift in Sources */,
				FE22576225DA0F8E00D2E7C4 /* IceCreamView.swift in Sources */,
				FE22575025DA0F7700D2E7C4 /* RGBAColorFromString.swift in Sources */,
				FE22575F25DA0F8E00D2E7C4 /* ScoopCell.swift in Sources */,
				FE22576025DA0F8E00D2E7C4 /* ScoopView.swift in Sources */,
			);
			runOnlyForDeploymentPostprocessing = 0;
		};
/* End PBXSourcesBuildPhase section */

/* Begin PBXVariantGroup section */
		FE22575C25DA0F8E00D2E7C4 /* Main.storyboard */ = {
			isa = PBXVariantGroup;
			children = (
				FE22575D25DA0F8E00D2E7C4 /* Base */,
			);
			name = Main.storyboard;
			sourceTree = "<group>";
		};
/* End PBXVariantGroup section */

/* Begin XCBuildConfiguration section */
		FE22573F25DA0E3A00D2E7C4 /* Debug */ = {
			isa = XCBuildConfiguration;
			buildSettings = {
				ALWAYS_SEARCH_USER_PATHS = NO;
				CLANG_ANALYZER_NONNULL = YES;
				CLANG_ANALYZER_NUMBER_OBJECT_CONVERSION = YES_AGGRESSIVE;
				CLANG_CXX_LANGUAGE_STANDARD = "gnu++14";
				CLANG_CXX_LIBRARY = "libc++";
				CLANG_ENABLE_MODULES = YES;
				CLANG_ENABLE_OBJC_ARC = YES;
				CLANG_ENABLE_OBJC_WEAK = YES;
				CLANG_WARN_BLOCK_CAPTURE_AUTORELEASING = YES;
				CLANG_WARN_BOOL_CONVERSION = YES;
				CLANG_WARN_COMMA = YES;
				CLANG_WARN_CONSTANT_CONVERSION = YES;
				CLANG_WARN_DEPRECATED_OBJC_IMPLEMENTATIONS = YES;
				CLANG_WARN_DIRECT_OBJC_ISA_USAGE = YES_ERROR;
				CLANG_WARN_DOCUMENTATION_COMMENTS = YES;
				CLANG_WARN_EMPTY_BODY = YES;
				CLANG_WARN_ENUM_CONVERSION = YES;
				CLANG_WARN_INFINITE_RECURSION = YES;
				CLANG_WARN_INT_CONVERSION = YES;
				CLANG_WARN_NON_LITERAL_NULL_CONVERSION = YES;
				CLANG_WARN_OBJC_IMPLICIT_RETAIN_SELF = YES;
				CLANG_WARN_OBJC_LITERAL_CONVERSION = YES;
				CLANG_WARN_OBJC_ROOT_CLASS = YES_ERROR;
				CLANG_WARN_QUOTED_INCLUDE_IN_FRAMEWORK_HEADER = YES;
				CLANG_WARN_RANGE_LOOP_ANALYSIS = YES;
				CLANG_WARN_STRICT_PROTOTYPES = YES;
				CLANG_WARN_SUSPICIOUS_MOVE = YES;
				CLANG_WARN_UNGUARDED_AVAILABILITY = YES_AGGRESSIVE;
				CLANG_WARN_UNREACHABLE_CODE = YES;
				CLANG_WARN__DUPLICATE_METHOD_MATCH = YES;
				COPY_PHASE_STRIP = NO;
				CURRENT_PROJECT_VERSION = 1;
				DEBUG_INFORMATION_FORMAT = dwarf;
				ENABLE_STRICT_OBJC_MSGSEND = YES;
				ENABLE_TESTABILITY = YES;
				GCC_C_LANGUAGE_STANDARD = gnu11;
				GCC_DYNAMIC_NO_PIC = NO;
				GCC_NO_COMMON_BLOCKS = YES;
				GCC_OPTIMIZATION_LEVEL = 0;
				GCC_PREPROCESSOR_DEFINITIONS = (
					"DEBUG=1",
					"$(inherited)",
				);
				GCC_WARN_64_TO_32_BIT_CONVERSION = YES;
				GCC_WARN_ABOUT_RETURN_TYPE = YES_ERROR;
				GCC_WARN_UNDECLARED_SELECTOR = YES;
				GCC_WARN_UNINITIALIZED_AUTOS = YES_AGGRESSIVE;
				GCC_WARN_UNUSED_FUNCTION = YES;
				GCC_WARN_UNUSED_VARIABLE = YES;
				IPHONEOS_DEPLOYMENT_TARGET = 14.2;
				MTL_ENABLE_DEBUG_INFO = INCLUDE_SOURCE;
				MTL_FAST_MATH = YES;
				ONLY_ACTIVE_ARCH = YES;
				SDKROOT = iphoneos;
				SWIFT_ACTIVE_COMPILATION_CONDITIONS = DEBUG;
				SWIFT_OPTIMIZATION_LEVEL = "-Onone";
				VERSIONING_SYSTEM = "apple-generic";
				VERSION_INFO_PREFIX = "";
			};
			name = Debug;
		};
		FE22574025DA0E3A00D2E7C4 /* Release */ = {
			isa = XCBuildConfiguration;
			buildSettings = {
				ALWAYS_SEARCH_USER_PATHS = NO;
				CLANG_ANALYZER_NONNULL = YES;
				CLANG_ANALYZER_NUMBER_OBJECT_CONVERSION = YES_AGGRESSIVE;
				CLANG_CXX_LANGUAGE_STANDARD = "gnu++14";
				CLANG_CXX_LIBRARY = "libc++";
				CLANG_ENABLE_MODULES = YES;
				CLANG_ENABLE_OBJC_ARC = YES;
				CLANG_ENABLE_OBJC_WEAK = YES;
				CLANG_WARN_BLOCK_CAPTURE_AUTORELEASING = YES;
				CLANG_WARN_BOOL_CONVERSION = YES;
				CLANG_WARN_COMMA = YES;
				CLANG_WARN_CONSTANT_CONVERSION = YES;
				CLANG_WARN_DEPRECATED_OBJC_IMPLEMENTATIONS = YES;
				CLANG_WARN_DIRECT_OBJC_ISA_USAGE = YES_ERROR;
				CLANG_WARN_DOCUMENTATION_COMMENTS = YES;
				CLANG_WARN_EMPTY_BODY = YES;
				CLANG_WARN_ENUM_CONVERSION = YES;
				CLANG_WARN_INFINITE_RECURSION = YES;
				CLANG_WARN_INT_CONVERSION = YES;
				CLANG_WARN_NON_LITERAL_NULL_CONVERSION = YES;
				CLANG_WARN_OBJC_IMPLICIT_RETAIN_SELF = YES;
				CLANG_WARN_OBJC_LITERAL_CONVERSION = YES;
				CLANG_WARN_OBJC_ROOT_CLASS = YES_ERROR;
				CLANG_WARN_QUOTED_INCLUDE_IN_FRAMEWORK_HEADER = YES;
				CLANG_WARN_RANGE_LOOP_ANALYSIS = YES;
				CLANG_WARN_STRICT_PROTOTYPES = YES;
				CLANG_WARN_SUSPICIOUS_MOVE = YES;
				CLANG_WARN_UNGUARDED_AVAILABILITY = YES_AGGRESSIVE;
				CLANG_WARN_UNREACHABLE_CODE = YES;
				CLANG_WARN__DUPLICATE_METHOD_MATCH = YES;
				COPY_PHASE_STRIP = NO;
				CURRENT_PROJECT_VERSION = 1;
				DEBUG_INFORMATION_FORMAT = "dwarf-with-dsym";
				ENABLE_NS_ASSERTIONS = NO;
				ENABLE_STRICT_OBJC_MSGSEND = YES;
				GCC_C_LANGUAGE_STANDARD = gnu11;
				GCC_NO_COMMON_BLOCKS = YES;
				GCC_WARN_64_TO_32_BIT_CONVERSION = YES;
				GCC_WARN_ABOUT_RETURN_TYPE = YES_ERROR;
				GCC_WARN_UNDECLARED_SELECTOR = YES;
				GCC_WARN_UNINITIALIZED_AUTOS = YES_AGGRESSIVE;
				GCC_WARN_UNUSED_FUNCTION = YES;
				GCC_WARN_UNUSED_VARIABLE = YES;
				IPHONEOS_DEPLOYMENT_TARGET = 14.2;
				MTL_ENABLE_DEBUG_INFO = NO;
				MTL_FAST_MATH = YES;
				SDKROOT = iphoneos;
				SWIFT_COMPILATION_MODE = wholemodule;
				SWIFT_OPTIMIZATION_LEVEL = "-O";
				VALIDATE_PRODUCT = YES;
				VERSIONING_SYSTEM = "apple-generic";
				VERSION_INFO_PREFIX = "";
			};
			name = Release;
		};
		FE22574225DA0E3A00D2E7C4 /* Debug */ = {
			isa = XCBuildConfiguration;
			baseConfigurationReference = 771BCEF2D823C7A00ACF4258 /* Pods-RWPickFlavor.debug.xcconfig */;
			buildSettings = {
				CODE_SIGN_STYLE = Automatic;
				DEFINES_MODULE = YES;
				DEVELOPMENT_TEAM = 3LV2KX67Y7;
				DYLIB_COMPATIBILITY_VERSION = 1;
				DYLIB_CURRENT_VERSION = 1;
				DYLIB_INSTALL_NAME_BASE = "@rpath";
				INFOPLIST_FILE = RWPickFlavor/Info.plist;
				INSTALL_PATH = "$(LOCAL_LIBRARY_DIR)/Frameworks";
				LD_RUNPATH_SEARCH_PATHS = (
					"$(inherited)",
					"@executable_path/Frameworks",
					"@loader_path/Frameworks",
				);
				ONLY_ACTIVE_ARCH = YES;
				PRODUCT_BUNDLE_IDENTIFIER = com.hackingwithswift.RWPickFlavor;
				PRODUCT_NAME = "$(TARGET_NAME:c99extidentifier)";
				SKIP_INSTALL = YES;
				SWIFT_VERSION = 5.0;
				TARGETED_DEVICE_FAMILY = "1,2";
			};
			name = Debug;
		};
		FE22574325DA0E3A00D2E7C4 /* Release */ = {
			isa = XCBuildConfiguration;
			baseConfigurationReference = 16848B84C1F8BA9C3FD284CD /* Pods-RWPickFlavor.release.xcconfig */;
			buildSettings = {
				CODE_SIGN_STYLE = Automatic;
				DEFINES_MODULE = YES;
				DEVELOPMENT_TEAM = 3LV2KX67Y7;
				DYLIB_COMPATIBILITY_VERSION = 1;
				DYLIB_CURRENT_VERSION = 1;
				DYLIB_INSTALL_NAME_BASE = "@rpath";
				INFOPLIST_FILE = RWPickFlavor/Info.plist;
				INSTALL_PATH = "$(LOCAL_LIBRARY_DIR)/Frameworks";
				LD_RUNPATH_SEARCH_PATHS = (
					"$(inherited)",
					"@executable_path/Frameworks",
					"@loader_path/Frameworks",
				);
				PRODUCT_BUNDLE_IDENTIFIER = com.hackingwithswift.RWPickFlavor;
				PRODUCT_NAME = "$(TARGET_NAME:c99extidentifier)";
				SKIP_INSTALL = YES;
				SWIFT_VERSION = 5.0;
				TARGETED_DEVICE_FAMILY = "1,2";
			};
			name = Release;
		};
/* End XCBuildConfiguration section */

/* Begin XCConfigurationList section */
		FE22573325DA0E3A00D2E7C4 /* Build configuration list for PBXProject "RWPickFlavor" */ = {
			isa = XCConfigurationList;
			buildConfigurations = (
				FE22573F25DA0E3A00D2E7C4 /* Debug */,
				FE22574025DA0E3A00D2E7C4 /* Release */,
			);
			defaultConfigurationIsVisible = 0;
			defaultConfigurationName = Release;
		};
		FE22574125DA0E3A00D2E7C4 /* Build configuration list for PBXNativeTarget "RWPickFlavor" */ = {
			isa = XCConfigurationList;
			buildConfigurations = (
				FE22574225DA0E3A00D2E7C4 /* Debug */,
				FE22574325DA0E3A00D2E7C4 /* Release */,
			);
			defaultConfigurationIsVisible = 0;
			defaultConfigurationName = Release;
		};
/* End XCConfigurationList section */
	};
	rootObject = FE22573025DA0E3A00D2E7C4 /* Project object */;
}
